{
  "name": "controllo_codice",
  "lockfileVersion": 3,
  "requires": true,
  "packages": {
    "": {
      "dependencies": {
        "@alibaba-group/open-code-review": "^1.12.5"
      }
    },
    "node_modules/@alibaba-group/ocr-darwin-arm64": {
      "version": "1.12.5",
      "resolved": "https://registry.npmjs.org/@alibaba-group/ocr-darwin-arm64/-/ocr-darwin-arm64-1.12.5.tgz",
      "integrity": "sha512-iX+iaGKDrkwtVH580nHz6zAsfUj0Yqp/q73p5g36jHPAODu4jhjv9g1Tnff29kn9XL5peZncFX0wMvx+J3EtMQ==",
      "cpu": [
        "arm64"
      ],
      "license": "Apache-2.0",
      "optional": true,
      "os": [
        "darwin"
      ]
    },
    "node_modules/@alibaba-group/ocr-darwin-x64": {
      "version": "1.12.5",
      "resolved": "https://registry.npmjs.org/@alibaba-group/ocr-darwin-x64/-/ocr-darwin-x64-1.12.5.tgz",
      "integrity": "sha512-xmg0MiwzaUq/99wwyc+9she1zZjA89ASY5zzrHNCTkbG7aBK0EW6yr5sDuNWzOxcbb36t2ahYgWATJWWZ+c5tw==",
      "cpu": [
        "x64"
      ],
      "license": "Apache-2.0",
      "optional": true,
      "os": [
        "darwin"
      ]
    },
    "node_modules/@alibaba-group/ocr-linux-arm64": {
      "version": "1.12.5",
      "resolved": "https://registry.npmjs.org/@alibaba-group/ocr-linux-arm64/-/ocr-linux-arm64-1.12.5.tgz",
      "integrity": "sha512-asCCrkjFnG/2bD9wjVEqW5FOpMIpkf7aY0WETBLHrhQySl9l/BMSVifprdCeEhvrjFvAyaPtkrSl2sdDVZOfkw==",
      "cpu": [
        "arm64"
      ],
      "license": "Apache-2.0",
      "optional": true,
      "os": [
        "linux"
      ]
    },
    "node_modules/@alibaba-group/ocr-linux-x64": {
      "version": "1.12.5",
      "resolved": "https://registry.npmjs.org/@alibaba-group/ocr-linux-x64/-/ocr-linux-x64-1.12.5.tgz",
      "integrity": "sha512-Mvec2dzrmGKwr9Poa2lAFLfG/sEDtpB/ZwBdFPD96yEUNyHp0PyQddzymjplI9hky3/7+Wy3noLpIfezj2Gm2Q==",
      "cpu": [
        "x64"
      ],
      "license": "Apache-2.0",
      "optional": true,
      "os": [
        "linux"
      ]
    },
    "node_modules/@alibaba-group/ocr-win32-arm64": {
      "version": "1.12.5",
      "resolved": "https://registry.npmjs.org/@alibaba-group/ocr-win32-arm64/-/ocr-win32-arm64-1.12.5.tgz",
      "integrity": "sha512-b59yEmxsjbo50tQMDV0g6AHkpL2/jRn13hFR9RX+vsScm//v0gmRw8+wlwgpNNmF/FwKxbpy7zgI3V+zr3tZCg==",
      "cpu": [
        "arm64"
      ],
      "license": "Apache-2.0",
      "optional": true,
      "os": [
        "win32"
      ]
    },
    "node_modules/@alibaba-group/ocr-win32-x64": {
      "version": "1.12.5",
      "resolved": "https://registry.npmjs.org/@alibaba-group/ocr-win32-x64/-/ocr-win32-x64-1.12.5.tgz",
      "integrity": "sha512-JTro+VdF2LxqXsvRtVn9XHD/tiipTirwWrif5Obx+Hqct0A+OsFgtIM9t0sqTpZTHIjAD/vpQZ4SZonpuzK/FA==",
      "cpu": [
        "x64"
      ],
      "license": "Apache-2.0",
      "optional": true,
      "os": [
        "win32"
      ]
    },
    "node_modules/@alibaba-group/open-code-review": {
      "version": "1.12.5",
      "resolved": "https://registry.npmjs.org/@alibaba-group/open-code-review/-/open-code-review-1.12.5.tgz",
      "integrity": "sha512-+8gdJ90ipWrBmdF1rQHt4EcCGn3cvJIos/ZSRJkdFWUHWlV8Bc2rU/gBjWnlQVmauFwkOfHJyTAc7BstwlfPuA==",
      "hasInstallScript": true,
      "license": "Apache-2.0",
      "bin": {
        "ocr": "bin/ocr.js"
      },
      "engines": {
        "node": ">=14"
      },
      "optionalDependencies": {
        "@alibaba-group/ocr-darwin-arm64": "1.12.5",
        "@alibaba-group/ocr-darwin-x64": "1.12.5",
        "@alibaba-group/ocr-linux-arm64": "1.12.5",
        "@alibaba-group/ocr-linux-x64": "1.12.5",
        "@alibaba-group/ocr-win32-arm64": "1.12.5",
        "@alibaba-group/ocr-win32-x64": "1.12.5"
      }
    }
  }
}
